
Microsoft Visual Studio Solution File, Format Version 12.00
# Visual Studio Version 16
VisualStudioVersion = 16.0.30907.101
MinimumVisualStudioVersion = 10.0.40219.1
Project("{FAE04EC0-301F-11D3-BF4B-00C04F79EFBC}") = "StudentRegistration.WebAPI", "StudentRegistration.WebAPI\StudentRegistration.WebAPI.csproj", "{AF0D5652-1EA3-4D5A-BE5B-F21F04F5498B}"
EndProject
Global
	GlobalSection(SolutionConfigurationPlatforms) = preSolution
		Debug|Any CPU = Debug|Any CPU
		Release|Any CPU = Release|Any CPU
	EndGlobalSection
	GlobalSection(ProjectConfigurationPlatforms) = postSolution
		{AF0D5652-1EA3-4D5A-BE5B-F21F04F5498B}.Debug|Any CPU.ActiveCfg = Debug|Any CPU
		{AF0D5652-1EA3-4D5A-BE5B-F21F04F5498B}.Debug|Any CPU.Build.0 = Debug|Any CPU
		{AF0D5652-1EA3-4D5A-BE5B-F21F04F5498B}.Release|Any CPU.ActiveCfg = Release|Any CPU
		{AF0D5652-1EA3-4D5A-BE5B-F21F04F5498B}.Release|Any CPU.Build.0 = Release|Any CPU
	EndGlobalSection
	GlobalSection(SolutionProperties) = preSolution
		HideSolutionNode = FALSE
	EndGlobalSection
	GlobalSection(ExtensibilityGlobals) = postSolution
		SolutionGuid = {5850B53C-178D-432E-9D82-324F8C26DA1E}
	EndGlobalSection
EndGlobal
